
Microsoft Visual Studio Solution File, Format Version 12.00
# Visual Studio 2013
VisualStudioVersion = 12.0.21005.1
MinimumVisualStudioVersion = 10.0.40219.1
Project("{FAE04EC0-301F-11D3-BF4B-00C04F79EFBC}") = "Robotris", "Robotris\Robotris\Robotris.csproj", "{84CEC191-582D-45E2-9E21-21E69011075A}"
EndProject
Project("{96E2B04D-8817-42C6-938A-82C39BA4D311}") = "RobotrisContent", "Robotris\RobotrisContent\RobotrisContent.contentproj", "{6E26C1B2-D997-4889-B8F2-64CA6EE77D02}"
EndProject
Global
	GlobalSection(SolutionConfigurationPlatforms) = preSolution
		Debug|x86 = Debug|x86
		Release|x86 = Release|x86
	EndGlobalSection
	GlobalSection(ProjectConfigurationPlatforms) = postSolution
		{84CEC191-582D-45E2-9E21-21E69011075A}.Debug|x86.ActiveCfg = Debug|x86
		{84CEC191-582D-45E2-9E21-21E69011075A}.Debug|x86.Build.0 = Debug|x86
		{84CEC191-582D-45E2-9E21-21E69011075A}.Release|x86.ActiveCfg = Release|x86
		{84CEC191-582D-45E2-9E21-21E69011075A}.Release|x86.Build.0 = Release|x86
		{6E26C1B2-D997-4889-B8F2-64CA6EE77D02}.Debug|x86.ActiveCfg = Debug|x86
		{6E26C1B2-D997-4889-B8F2-64CA6EE77D02}.Release|x86.ActiveCfg = Release|x86
	EndGlobalSection
	GlobalSection(SolutionProperties) = preSolution
		HideSolutionNode = FALSE
	EndGlobalSection
EndGlobal
